{
  "version": 4,
  "terraform_version": "1.10.5",
  "serial": 14,
  "lineage": "ec252dda-ab8e-b83b-695c-b77fd7b27b34",
  "outputs": {
    "rgs": {
      "value": {
        "rg_location": {
          "rg1": "eastus",
          "rg2": "eastus2"
        },
        "rg_name": {
          "rg1": "pk-rg",
          "rg2": "pk-rg2"
        }
      },
      "type": [
        "object",
        {
          "rg_location": [
            "object",
            {
              "rg1": "string",
              "rg2": "string"
            }
          ],
          "rg_name": [
            "object",
            {
              "rg1": "string",
              "rg2": "string"
            }
          ]
        }
      ]
    }
  },
  "resources": [
    {
      "module": "module.rgs",
      "mode": "managed",
      "type": "azurerm_resource_group",
      "name": "rg",
      "provider": "provider[\"registry.terraform.io/hashicorp/azurerm\"]",
      "instances": [
        {
          "index_key": "rg1",
          "schema_version": 0,
          "attributes": {
            "id": "/subscriptions/a249569e-1b10-4606-ad72-895b15a0f240/resourceGroups/pk-rg",
            "location": "eastus",
            "managed_by": "",
            "name": "pk-rg",
            "tags": {},
            "timeouts": null
          },
          "sensitive_attributes": [],
          "private": "eyJlMmJmYjczMC1lY2FhLTExZTYtOGY4OC0zNDM2M2JjN2M0YzAiOnsiY3JlYXRlIjo1NDAwMDAwMDAwMDAwLCJkZWxldGUiOjU0MDAwMDAwMDAwMDAsInJlYWQiOjMwMDAwMDAwMDAwMCwidXBkYXRlIjo1NDAwMDAwMDAwMDAwfX0="
        },
        {
          "index_key": "rg2",
          "schema_version": 0,
          "attributes": {
            "id": "/subscriptions/a249569e-1b10-4606-ad72-895b15a0f240/resourceGroups/pk-rg2",
            "location": "eastus2",
            "managed_by": "",
            "name": "pk-rg2",
            "tags": {},
            "timeouts": null
          },
          "sensitive_attributes": [],
          "private": "eyJlMmJmYjczMC1lY2FhLTExZTYtOGY4OC0zNDM2M2JjN2M0YzAiOnsiY3JlYXRlIjo1NDAwMDAwMDAwMDAwLCJkZWxldGUiOjU0MDAwMDAwMDAwMDAsInJlYWQiOjMwMDAwMDAwMDAwMCwidXBkYXRlIjo1NDAwMDAwMDAwMDAwfX0="
        }
      ]
    }
  ],
  "check_results": null
}
