{
  "version": 4,
  "terraform_version": "1.10.5",
  "serial": 10,
  "lineage": "ec252dda-ab8e-b83b-695c-b77fd7b27b34",
  "outputs": {
    "rg_location": {
      "value": "eastus",
      "type": "string"
    },
    "rg_name": {
      "value": "pks_rg",
      "type": "string"
    }
  },
  "resources": [
    {
      "module": "module.rg",
      "mode": "managed",
      "type": "azurerm_resource_group",
      "name": "rg",
      "provider": "provider[\"registry.terraform.io/hashicorp/azurerm\"]",
      "instances": [
        {
          "schema_version": 0,
          "attributes": {
            "id": "/subscriptions/a249569e-1b10-4606-ad72-895b15a0f240/resourceGroups/pks_rg",
            "location": "eastus",
            "managed_by": "",
            "name": "pks_rg",
            "tags": null,
            "timeouts": null
          },
          "sensitive_attributes": [],
          "private": "eyJlMmJmYjczMC1lY2FhLTExZTYtOGY4OC0zNDM2M2JjN2M0YzAiOnsiY3JlYXRlIjo1NDAwMDAwMDAwMDAwLCJkZWxldGUiOjU0MDAwMDAwMDAwMDAsInJlYWQiOjMwMDAwMDAwMDAwMCwidXBkYXRlIjo1NDAwMDAwMDAwMDAwfX0="
        }
      ]
    }
  ],
  "check_results": null
}
